// !$*UTF8*$!
{
	archiveVersion = 1;
	classes = {
	};
	objectVersion = 56;
	objects = {

/* Begin PBXBuildFile section */
		CE97E53929AA7A32005DFBE3 /* BasicsSwiftUIApp.swift in Sources */ = {isa = PBXBuildFile; fileRef = CE97E53829AA7A32005DFBE3 /* BasicsSwiftUIApp.swift */; };
		CE97E53B29AA7A32005DFBE3 /* ContentView.swift in Sources */ = {isa = PBXBuildFile; fileRef = CE97E53A29AA7A32005DFBE3 /* ContentView.swift */; };
		CE97E53D29AA7A34005DFBE3 /* Assets.xcassets in Resources */ = {isa = PBXBuildFile; fileRef = CE97E53C29AA7A34005DFBE3 /* Assets.xcassets */; };
		CE97E54029AA7A34005DFBE3 /* Preview Assets.xcassets in Resources */ = {isa = PBXBuildFile; fileRef = CE97E53F29AA7A34005DFBE3 /* Preview Assets.xcassets */; };
		CE97E54729AA91C9005DFBE3 /* DetailView.swift in Sources */ = {isa = PBXBuildFile; fileRef = CE97E54629AA91C9005DFBE3 /* DetailView.swift */; };
		CE97E54929AA9217005DFBE3 /* CardView.swift in Sources */ = {isa = PBXBuildFile; fileRef = CE97E54829AA9217005DFBE3 /* CardView.swift */; };
		CE97E54B29AA9645005DFBE3 /* HomeView.swift in Sources */ = {isa = PBXBuildFile; fileRef = CE97E54A29AA9645005DFBE3 /* HomeView.swift */; };
		CE97E54D29AA9870005DFBE3 /* ListView.swift in Sources */ = {isa = PBXBuildFile; fileRef = CE97E54C29AA9870005DFBE3 /* ListView.swift */; };
		CE97E54F29AAAA75005DFBE3 /* ListItem.swift in Sources */ = {isa = PBXBuildFile; fileRef = CE97E54E29AAAA75005DFBE3 /* ListItem.swift */; };
		CE97E55429AAB0FE005DFBE3 /* Data.swift in Sources */ = {isa = PBXBuildFile; fileRef = CE97E55329AAB0FE005DFBE3 /* Data.swift */; };
		CEC253E129AAB8EB0041ECD6 /* SmallCardView.swift in Sources */ = {isa = PBXBuildFile; fileRef = CEC253E029AAB8EB0041ECD6 /* SmallCardView.swift */; };
/* End PBXBuildFile section */

/* Begin PBXFileReference section */
		CE97E53529AA7A32005DFBE3 /* BasicsSwiftUI.app */ = {isa = PBXFileReference; explicitFileType = wrapper.application; includeInIndex = 0; path = BasicsSwiftUI.app; sourceTree = BUILT_PRODUCTS_DIR; };
		CE97E53829AA7A32005DFBE3 /* BasicsSwiftUIApp.swift */ = {isa = PBXFileReference; lastKnownFileType = sourcecode.swift; path = BasicsSwiftUIApp.swift; sourceTree = "<group>"; };
		CE97E53A29AA7A32005DFBE3 /* ContentView.swift */ = {isa = PBXFileReference; lastKnownFileType = sourcecode.swift; path = ContentView.swift; sourceTree = "<group>"; };
		CE97E53C29AA7A34005DFBE3 /* Assets.xcassets */ = {isa = PBXFileReference; lastKnownFileType = folder.assetcatalog; path = Assets.xcassets; sourceTree = "<group>"; };
		CE97E53F29AA7A34005DFBE3 /* Preview Assets.xcassets */ = {isa = PBXFileReference; lastKnownFileType = folder.assetcatalog; path = "Preview Assets.xcassets"; sourceTree = "<group>"; };
		CE97E54629AA91C9005DFBE3 /* DetailView.swift */ = {isa = PBXFileReference; lastKnownFileType = sourcecode.swift; path = DetailView.swift; sourceTree = "<group>"; };
		CE97E54829AA9217005DFBE3 /* CardView.swift */ = {isa = PBXFileReference; lastKnownFileType = sourcecode.swift; path = CardView.swift; sourceTree = "<group>"; };
		CE97E54A29AA9645005DFBE3 /* HomeView.swift */ = {isa = PBXFileReference; lastKnownFileType = sourcecode.swift; path = HomeView.swift; sourceTree = "<group>"; };
		CE97E54C29AA9870005DFBE3 /* ListView.swift */ = {isa = PBXFileReference; lastKnownFileType = sourcecode.swift; path = ListView.swift; sourceTree = "<group>"; };
		CE97E54E29AAAA75005DFBE3 /* ListItem.swift */ = {isa = PBXFileReference; lastKnownFileType = sourcecode.swift; path = ListItem.swift; sourceTree = "<group>"; };
		CE97E55329AAB0FE005DFBE3 /* Data.swift */ = {isa = PBXFileReference; lastKnownFileType = sourcecode.swift; path = Data.swift; sourceTree = "<group>"; };
		CEC253E029AAB8EB0041ECD6 /* SmallCardView.swift */ = {isa = PBXFileReference; lastKnownFileType = sourcecode.swift; path = SmallCardView.swift; sourceTree = "<group>"; };
/* End PBXFileReference section */

/* Begin PBXFrameworksBuildPhase section */
		CE97E53229AA7A32005DFBE3 /* Frameworks */ = {
			isa = PBXFrameworksBuildPhase;
			buildActionMask = 2147483647;
			files = (
			);
			runOnlyForDeploymentPostprocessing = 0;
		};
/* End PBXFrameworksBuildPhase section */

/* Begin PBXGroup section */
		CE97E52C29AA7A32005DFBE3 = {
			isa = PBXGroup;
			children = (
				CE97E53729AA7A32005DFBE3 /* BasicsSwiftUI */,
				CE97E53629AA7A32005DFBE3 /* Products */,
			);
			sourceTree = "<group>";
		};
		CE97E53629AA7A32005DFBE3 /* Products */ = {
			isa = PBXGroup;
			children = (
				CE97E53529AA7A32005DFBE3 /* BasicsSwiftUI.app */,
			);
			name = Products;
			sourceTree = "<group>";
		};
		CE97E53729AA7A32005DFBE3 /* BasicsSwiftUI */ = {
			isa = PBXGroup;
			children = (
				CE97E53829AA7A32005DFBE3 /* BasicsSwiftUIApp.swift */,
				CE97E55129AAB0BC005DFBE3 /* Components */,
				CE97E55029AAB098005DFBE3 /* View */,
				CE97E55229AAB0E7005DFBE3 /* Model */,
				CE97E53A29AA7A32005DFBE3 /* ContentView.swift */,
				CE97E53C29AA7A34005DFBE3 /* Assets.xcassets */,
				CE97E53E29AA7A34005DFBE3 /* Preview Content */,
			);
			path = BasicsSwiftUI;
			sourceTree = "<group>";
		};
		CE97E53E29AA7A34005DFBE3 /* Preview Content */ = {
			isa = PBXGroup;
			children = (
				CE97E53F29AA7A34005DFBE3 /* Preview Assets.xcassets */,
			);
			path = "Preview Content";
			sourceTree = "<group>";
		};
		CE97E55029AAB098005DFBE3 /* View */ = {
			isa = PBXGroup;
			children = (
				CE97E54A29AA9645005DFBE3 /* HomeView.swift */,
				CE97E54C29AA9870005DFBE3 /* ListView.swift */,
				CE97E54629AA91C9005DFBE3 /* DetailView.swift */,
			);
			path = View;
			sourceTree = "<group>";
		};
		CE97E55129AAB0BC005DFBE3 /* Components */ = {
			isa = PBXGroup;
			children = (
				CE97E54829AA9217005DFBE3 /* CardView.swift */,
				CE97E54E29AAAA75005DFBE3 /* ListItem.swift */,
				CEC253E029AAB8EB0041ECD6 /* SmallCardView.swift */,
			);
			path = Components;
			sourceTree = "<group>";
		};
		CE97E55229AAB0E7005DFBE3 /* Model */ = {
			isa = PBXGroup;
			children = (
				CE97E55329AAB0FE005DFBE3 /* Data.swift */,
			);
			path = Model;
			sourceTree = "<group>";
		};
/* End PBXGroup section */

/* Begin PBXNativeTarget section */
		CE97E53429AA7A32005DFBE3 /* BasicsSwiftUI */ = {
			isa = PBXNativeTarget;
			buildConfigurationList = CE97E54329AA7A34005DFBE3 /* Build configuration list for PBXNativeTarget "BasicsSwiftUI" */;
			buildPhases = (
				CE97E53129AA7A32005DFBE3 /* Sources */,
				CE97E53229AA7A32005DFBE3 /* Frameworks */,
				CE97E53329AA7A32005DFBE3 /* Resources */,
			);
			buildRules = (
			);
			dependencies = (
			);
			name = BasicsSwiftUI;
			productName = BasicsSwiftUI;
			productReference = CE97E53529AA7A32005DFBE3 /* BasicsSwiftUI.app */;
			productType = "com.apple.product-type.application";
		};
/* End PBXNativeTarget section */

/* Begin PBXProject section */
		CE97E52D29AA7A32005DFBE3 /* Project object */ = {
			isa = PBXProject;
			attributes = {
				BuildIndependentTargetsInParallel = 1;
				LastSwiftUpdateCheck = 1420;
				LastUpgradeCheck = 1420;
				TargetAttributes = {
					CE97E53429AA7A32005DFBE3 = {
						CreatedOnToolsVersion = 14.2;
					};
				};
			};
			buildConfigurationList = CE97E53029AA7A32005DFBE3 /* Build configuration list for PBXProject "BasicsSwiftUI" */;
			compatibilityVersion = "Xcode 14.0";
			developmentRegion = en;
			hasScannedForEncodings = 0;
			knownRegions = (
				en,
				Base,
			);
			mainGroup = CE97E52C29AA7A32005DFBE3;
			productRefGroup = CE97E53629AA7A32005DFBE3 /* Products */;
			projectDirPath = "";
			projectRoot = "";
			targets = (
				CE97E53429AA7A32005DFBE3 /* BasicsSwiftUI */,
			);
		};
/* End PBXProject section */

/* Begin PBXResourcesBuildPhase section */
		CE97E53329AA7A32005DFBE3 /* Resources */ = {
			isa = PBXResourcesBuildPhase;
			buildActionMask = 2147483647;
			files = (
				CE97E54029AA7A34005DFBE3 /* Preview Assets.xcassets in Resources */,
				CE97E53D29AA7A34005DFBE3 /* Assets.xcassets in Resources */,
			);
			runOnlyForDeploymentPostprocessing = 0;
		};
/* End PBXResourcesBuildPhase section */

/* Begin PBXSourcesBuildPhase section */
		CE97E53129AA7A32005DFBE3 /* Sources */ = {
			isa = PBXSourcesBuildPhase;
			buildActionMask = 2147483647;
			files = (
				CE97E53B29AA7A32005DFBE3 /* ContentView.swift in Sources */,
				CEC253E129AAB8EB0041ECD6 /* SmallCardView.swift in Sources */,
				CE97E54F29AAAA75005DFBE3 /* ListItem.swift in Sources */,
				CE97E54729AA91C9005DFBE3 /* DetailView.swift in Sources */,
				CE97E54D29AA9870005DFBE3 /* ListView.swift in Sources */,
				CE97E54929AA9217005DFBE3 /* CardView.swift in Sources */,
				CE97E54B29AA9645005DFBE3 /* HomeView.swift in Sources */,
				CE97E53929AA7A32005DFBE3 /* BasicsSwiftUIApp.swift in Sources */,
				CE97E55429AAB0FE005DFBE3 /* Data.swift in Sources */,
			);
			runOnlyForDeploymentPostprocessing = 0;
		};
/* End PBXSourcesBuildPhase section */

/* Begin XCBuildConfiguration section */
		CE97E54129AA7A34005DFBE3 /* Debug */ = {
			isa = XCBuildConfiguration;
			buildSettings = {
				ALWAYS_SEARCH_USER_PATHS = NO;
				CLANG_ANALYZER_NONNULL = YES;
				CLANG_ANALYZER_NUMBER_OBJECT_CONVERSION = YES_AGGRESSIVE;
				CLANG_CXX_LANGUAGE_STANDARD = "gnu++20";
				CLANG_ENABLE_MODULES = YES;
				CLANG_ENABLE_OBJC_ARC = YES;
				CLANG_ENABLE_OBJC_WEAK = YES;
				CLANG_WARN_BLOCK_CAPTURE_AUTORELEASING = YES;
				CLANG_WARN_BOOL_CONVERSION = YES;
				CLANG_WARN_COMMA = YES;
				CLANG_WARN_CONSTANT_CONVERSION = YES;
				CLANG_WARN_DEPRECATED_OBJC_IMPLEMENTATIONS = YES;
				CLANG_WARN_DIRECT_OBJC_ISA_USAGE = YES_ERROR;
				CLANG_WARN_DOCUMENTATION_COMMENTS = YES;
				CLANG_WARN_EMPTY_BODY = YES;
				CLANG_WARN_ENUM_CONVERSION = YES;
				CLANG_WARN_INFINITE_RECURSION = YES;
				CLANG_WARN_INT_CONVERSION = YES;
				CLANG_WARN_NON_LITERAL_NULL_CONVERSION = YES;
				CLANG_WARN_OBJC_IMPLICIT_RETAIN_SELF = YES;
				CLANG_WARN_OBJC_LITERAL_CONVERSION = YES;
				CLANG_WARN_OBJC_ROOT_CLASS = YES_ERROR;
				CLANG_WARN_QUOTED_INCLUDE_IN_FRAMEWORK_HEADER = YES;
				CLANG_WARN_RANGE_LOOP_ANALYSIS = YES;
				CLANG_WARN_STRICT_PROTOTYPES = YES;
				CLANG_WARN_SUSPICIOUS_MOVE = YES;
				CLANG_WARN_UNGUARDED_AVAILABILITY = YES_AGGRESSIVE;
				CLANG_WARN_UNREACHABLE_CODE = YES;
				CLANG_WARN__DUPLICATE_METHOD_MATCH = YES;
				COPY_PHASE_STRIP = NO;
				DEBUG_INFORMATION_FORMAT = dwarf;
				ENABLE_STRICT_OBJC_MSGSEND = YES;
				ENABLE_TESTABILITY = YES;
				GCC_C_LANGUAGE_STANDARD = gnu11;
				GCC_DYNAMIC_NO_PIC = NO;
				GCC_NO_COMMON_BLOCKS = YES;
				GCC_OPTIMIZATION_LEVEL = 0;
				GCC_PREPROCESSOR_DEFINITIONS = (
					"DEBUG=1",
					"$(inherited)",
				);
				GCC_WARN_64_TO_32_BIT_CONVERSION = YES;
				GCC_WARN_ABOUT_RETURN_TYPE = YES_ERROR;
				GCC_WARN_UNDECLARED_SELECTOR = YES;
				GCC_WARN_UNINITIALIZED_AUTOS = YES_AGGRESSIVE;
				GCC_WARN_UNUSED_FUNCTION = YES;
				GCC_WARN_UNUSED_VARIABLE = YES;
				IPHONEOS_DEPLOYMENT_TARGET = 16.2;
				MTL_ENABLE_DEBUG_INFO = INCLUDE_SOURCE;
				MTL_FAST_MATH = YES;
				ONLY_ACTIVE_ARCH = YES;
				SDKROOT = iphoneos;
				SWIFT_ACTIVE_COMPILATION_CONDITIONS = DEBUG;
				SWIFT_OPTIMIZATION_LEVEL = "-Onone";
			};
			name = Debug;
		};
		CE97E54229AA7A34005DFBE3 /* Release */ = {
			isa = XCBuildConfiguration;
			buildSettings = {
				ALWAYS_SEARCH_USER_PATHS = NO;
				CLANG_ANALYZER_NONNULL = YES;
				CLANG_ANALYZER_NUMBER_OBJECT_CONVERSION = YES_AGGRESSIVE;
				CLANG_CXX_LANGUAGE_STANDARD = "gnu++20";
				CLANG_ENABLE_MODULES = YES;
				CLANG_ENABLE_OBJC_ARC = YES;
				CLANG_ENABLE_OBJC_WEAK = YES;
				CLANG_WARN_BLOCK_CAPTURE_AUTORELEASING = YES;
				CLANG_WARN_BOOL_CONVERSION = YES;
				CLANG_WARN_COMMA = YES;
				CLANG_WARN_CONSTANT_CONVERSION = YES;
				CLANG_WARN_DEPRECATED_OBJC_IMPLEMENTATIONS = YES;
				CLANG_WARN_DIRECT_OBJC_ISA_USAGE = YES_ERROR;
				CLANG_WARN_DOCUMENTATION_COMMENTS = YES;
				CLANG_WARN_EMPTY_BODY = YES;
				CLANG_WARN_ENUM_CONVERSION = YES;
				CLANG_WARN_INFINITE_RECURSION = YES;
				CLANG_WARN_INT_CONVERSION = YES;
				CLANG_WARN_NON_LITERAL_NULL_CONVERSION = YES;
				CLANG_WARN_OBJC_IMPLICIT_RETAIN_SELF = YES;
				CLANG_WARN_OBJC_LITERAL_CONVERSION = YES;
				CLANG_WARN_OBJC_ROOT_CLASS = YES_ERROR;
				CLANG_WARN_QUOTED_INCLUDE_IN_FRAMEWORK_HEADER = YES;
				CLANG_WARN_RANGE_LOOP_ANALYSIS = YES;
				CLANG_WARN_STRICT_PROTOTYPES = YES;
				CLANG_WARN_SUSPICIOUS_MOVE = YES;
				CLANG_WARN_UNGUARDED_AVAILABILITY = YES_AGGRESSIVE;
				CLANG_WARN_UNREACHABLE_CODE = YES;
				CLANG_WARN__DUPLICATE_METHOD_MATCH = YES;
				COPY_PHASE_STRIP = NO;
				DEBUG_INFORMATION_FORMAT = "dwarf-with-dsym";
				ENABLE_NS_ASSERTIONS = NO;
				ENABLE_STRICT_OBJC_MSGSEND = YES;
				GCC_C_LANGUAGE_STANDARD = gnu11;
				GCC_NO_COMMON_BLOCKS = YES;
				GCC_WARN_64_TO_32_BIT_CONVERSION = YES;
				GCC_WARN_ABOUT_RETURN_TYPE = YES_ERROR;
				GCC_WARN_UNDECLARED_SELECTOR = YES;
				GCC_WARN_UNINITIALIZED_AUTOS = YES_AGGRESSIVE;
				GCC_WARN_UNUSED_FUNCTION = YES;
				GCC_WARN_UNUSED_VARIABLE = YES;
				IPHONEOS_DEPLOYMENT_TARGET = 16.2;
				MTL_ENABLE_DEBUG_INFO = NO;
				MTL_FAST_MATH = YES;
				SDKROOT = iphoneos;
				SWIFT_COMPILATION_MODE = wholemodule;
				SWIFT_OPTIMIZATION_LEVEL = "-O";
				VALIDATE_PRODUCT = YES;
			};
			name = Release;
		};
		CE97E54429AA7A34005DFBE3 /* Debug */ = {
			isa = XCBuildConfiguration;
			buildSettings = {
				ASSETCATALOG_COMPILER_APPICON_NAME = AppIcon;
				ASSETCATALOG_COMPILER_GLOBAL_ACCENT_COLOR_NAME = AccentColor;
				CODE_SIGN_STYLE = Automatic;
				CURRENT_PROJECT_VERSION = 1;
				DEVELOPMENT_ASSET_PATHS = "\"BasicsSwiftUI/Preview Content\"";
				DEVELOPMENT_TEAM = "";
				ENABLE_PREVIEWS = YES;
				GENERATE_INFOPLIST_FILE = YES;
				INFOPLIST_KEY_UIApplicationSceneManifest_Generation = YES;
				INFOPLIST_KEY_UIApplicationSupportsIndirectInputEvents = YES;
				INFOPLIST_KEY_UILaunchScreen_Generation = YES;
				INFOPLIST_KEY_UISupportedInterfaceOrientations_iPad = "UIInterfaceOrientationPortrait UIInterfaceOrientationPortraitUpsideDown UIInterfaceOrientationLandscapeLeft UIInterfaceOrientationLandscapeRight";
				INFOPLIST_KEY_UISupportedInterfaceOrientations_iPhone = "UIInterfaceOrientationPortrait UIInterfaceOrientationLandscapeLeft UIInterfaceOrientationLandscapeRight";
				IPHONEOS_DEPLOYMENT_TARGET = 15.6;
				LD_RUNPATH_SEARCH_PATHS = (
					"$(inherited)",
					"@executable_path/Frameworks",
				);
				MARKETING_VERSION = 1.0;
				PRODUCT_BUNDLE_IDENTIFIER = com.joaoalexandre.BasicsSwiftUI;
				PRODUCT_NAME = "$(TARGET_NAME)";
				SWIFT_EMIT_LOC_STRINGS = YES;
				SWIFT_VERSION = 5.0;
				TARGETED_DEVICE_FAMILY = "1,2";
			};
			name = Debug;
		};
		CE97E54529AA7A34005DFBE3 /* Release */ = {
			isa = XCBuildConfiguration;
			buildSettings = {
				ASSETCATALOG_COMPILER_APPICON_NAME = AppIcon;
				ASSETCATALOG_COMPILER_GLOBAL_ACCENT_COLOR_NAME = AccentColor;
				CODE_SIGN_STYLE = Automatic;
				CURRENT_PROJECT_VERSION = 1;
				DEVELOPMENT_ASSET_PATHS = "\"BasicsSwiftUI/Preview Content\"";
				DEVELOPMENT_TEAM = "";
				ENABLE_PREVIEWS = YES;
				GENERATE_INFOPLIST_FILE = YES;
				INFOPLIST_KEY_UIApplicationSceneManifest_Generation = YES;
				INFOPLIST_KEY_UIApplicationSupportsIndirectInputEvents = YES;
				INFOPLIST_KEY_UILaunchScreen_Generation = YES;
				INFOPLIST_KEY_UISupportedInterfaceOrientations_iPad = "UIInterfaceOrientationPortrait UIInterfaceOrientationPortraitUpsideDown UIInterfaceOrientationLandscapeLeft UIInterfaceOrientationLandscapeRight";
				INFOPLIST_KEY_UISupportedInterfaceOrientations_iPhone = "UIInterfaceOrientationPortrait UIInterfaceOrientationLandscapeLeft UIInterfaceOrientationLandscapeRight";
				IPHONEOS_DEPLOYMENT_TARGET = 15.6;
				LD_RUNPATH_SEARCH_PATHS = (
					"$(inherited)",
					"@executable_path/Frameworks",
				);
				MARKETING_VERSION = 1.0;
				PRODUCT_BUNDLE_IDENTIFIER = com.joaoalexandre.BasicsSwiftUI;
				PRODUCT_NAME = "$(TARGET_NAME)";
				SWIFT_EMIT_LOC_STRINGS = YES;
				SWIFT_VERSION = 5.0;
				TARGETED_DEVICE_FAMILY = "1,2";
			};
			name = Release;
		};
/* End XCBuildConfiguration section */

/* Begin XCConfigurationList section */
		CE97E53029AA7A32005DFBE3 /* Build configuration list for PBXProject "BasicsSwiftUI" */ = {
			isa = XCConfigurationList;
			buildConfigurations = (
				CE97E54129AA7A34005DFBE3 /* Debug */,
				CE97E54229AA7A34005DFBE3 /* Release */,
			);
			defaultConfigurationIsVisible = 0;
			defaultConfigurationName = Release;
		};
		CE97E54329AA7A34005DFBE3 /* Build configuration list for PBXNativeTarget "BasicsSwiftUI" */ = {
			isa = XCConfigurationList;
			buildConfigurations = (
				CE97E54429AA7A34005DFBE3 /* Debug */,
				CE97E54529AA7A34005DFBE3 /* Release */,
			);
			defaultConfigurationIsVisible = 0;
			defaultConfigurationName = Release;
		};
/* End XCConfigurationList section */
	};
	rootObject = CE97E52D29AA7A32005DFBE3 /* Project object */;
}
